
Microsoft Visual Studio Solution File, Format Version 12.00
# Visual Studio Version 18
VisualStudioVersion = 18.3.11218.70
MinimumVisualStudioVersion = 10.0.40219.1
Project("{FAE04EC0-301F-11D3-BF4B-00C04F79EFBC}") = "TeamManagement.Application", "TeamManagement.Application\TeamManagement.Application.csproj", "{AE6BCD84-7893-43BD-A31D-164437A423B7}"
EndProject
Project("{FAE04EC0-301F-11D3-BF4B-00C04F79EFBC}") = "TeamManagement.Domain", "TeamManagement.Domain\TeamManagement.Domain.csproj", "{C1A65799-0E4F-4967-B4DC-E32C3201A4C4}"
EndProject
Project("{FAE04EC0-301F-11D3-BF4B-00C04F79EFBC}") = "TeamManagement.Infrastructure", "TeamManagement.Infrastructure\TeamManagement.Infrastructure.csproj", "{09E7BD1A-BEE4-44B2-9B44-AE62E30C0A26}"
EndProject
Project("{FAE04EC0-301F-11D3-BF4B-00C04F79EFBC}") = "TeamManagement.Core", "TeamManagement.Core\TeamManagement.Core.csproj", "{F1029346-E9E9-43D0-9EE9-80A248D9EB2D}"
EndProject
Project("{FAE04EC0-301F-11D3-BF4B-00C04F79EFBC}") = "Endpoint.Rest", "Endpoint.Rest\Endpoint.Rest.csproj", "{C6CDC8CB-E932-47A6-A9F5-1AE683BEE727}"
EndProject
Project("{FAE04EC0-301F-11D3-BF4B-00C04F79EFBC}") = "TeamManagement.Test", "TeamManagement.Test\TeamManagement.Test.csproj", "{872E0A72-03BB-40BB-8EF7-10EB37471498}"
EndProject
Global
	GlobalSection(SolutionConfigurationPlatforms) = preSolution
		Debug|Any CPU = Debug|Any CPU
		Release|Any CPU = Release|Any CPU
	EndGlobalSection
	GlobalSection(ProjectConfigurationPlatforms) = postSolution
		{AE6BCD84-7893-43BD-A31D-164437A423B7}.Debug|Any CPU.ActiveCfg = Debug|Any CPU
		{AE6BCD84-7893-43BD-A31D-164437A423B7}.Debug|Any CPU.Build.0 = Debug|Any CPU
		{AE6BCD84-7893-43BD-A31D-164437A423B7}.Release|Any CPU.ActiveCfg = Release|Any CPU
		{AE6BCD84-7893-43BD-A31D-164437A423B7}.Release|Any CPU.Build.0 = Release|Any CPU
		{C1A65799-0E4F-4967-B4DC-E32C3201A4C4}.Debug|Any CPU.ActiveCfg = Debug|Any CPU
		{C1A65799-0E4F-4967-B4DC-E32C3201A4C4}.Debug|Any CPU.Build.0 = Debug|Any CPU
		{C1A65799-0E4F-4967-B4DC-E32C3201A4C4}.Release|Any CPU.ActiveCfg = Release|Any CPU
		{C1A65799-0E4F-4967-B4DC-E32C3201A4C4}.Release|Any CPU.Build.0 = Release|Any CPU
		{09E7BD1A-BEE4-44B2-9B44-AE62E30C0A26}.Debug|Any CPU.ActiveCfg = Debug|Any CPU
		{09E7BD1A-BEE4-44B2-9B44-AE62E30C0A26}.Debug|Any CPU.Build.0 = Debug|Any CPU
		{09E7BD1A-BEE4-44B2-9B44-AE62E30C0A26}.Release|Any CPU.ActiveCfg = Release|Any CPU
		{09E7BD1A-BEE4-44B2-9B44-AE62E30C0A26}.Release|Any CPU.Build.0 = Release|Any CPU
		{F1029346-E9E9-43D0-9EE9-80A248D9EB2D}.Debug|Any CPU.ActiveCfg = Debug|Any CPU
		{F1029346-E9E9-43D0-9EE9-80A248D9EB2D}.Debug|Any CPU.Build.0 = Debug|Any CPU
		{F1029346-E9E9-43D0-9EE9-80A248D9EB2D}.Release|Any CPU.ActiveCfg = Release|Any CPU
		{F1029346-E9E9-43D0-9EE9-80A248D9EB2D}.Release|Any CPU.Build.0 = Release|Any CPU
		{C6CDC8CB-E932-47A6-A9F5-1AE683BEE727}.Debug|Any CPU.ActiveCfg = Debug|Any CPU
		{C6CDC8CB-E932-47A6-A9F5-1AE683BEE727}.Debug|Any CPU.Build.0 = Debug|Any CPU
		{C6CDC8CB-E932-47A6-A9F5-1AE683BEE727}.Release|Any CPU.ActiveCfg = Release|Any CPU
		{C6CDC8CB-E932-47A6-A9F5-1AE683BEE727}.Release|Any CPU.Build.0 = Release|Any CPU
	EndGlobalSection
	GlobalSection(SolutionProperties) = preSolution
		HideSolutionNode = FALSE
	EndGlobalSection
	GlobalSection(ExtensibilityGlobals) = postSolution
		SolutionGuid = {10C7681F-9BF3-4333-979B-6035D2286AC4}
	EndGlobalSection
EndGlobal
